
Microsoft Visual Studio Solution File, Format Version 12.00
# Visual Studio Version 17
VisualStudioVersion = 17.5.33530.505
MinimumVisualStudioVersion = 10.0.40219.1
Project("{FAE04EC0-301F-11D3-BF4B-00C04F79EFBC}") = "middle", "middle\middle.csproj", "{7F0D09F8-0CFF-4CB6-B3AB-1190E5E2AAA4}"
EndProject
Global
	GlobalSection(SolutionConfigurationPlatforms) = preSolution
		Debug|Any CPU = Debug|Any CPU
		Release|Any CPU = Release|Any CPU
	EndGlobalSection
	GlobalSection(ProjectConfigurationPlatforms) = postSolution
		{7F0D09F8-0CFF-4CB6-B3AB-1190E5E2AAA4}.Debug|Any CPU.ActiveCfg = Debug|Any CPU
		{7F0D09F8-0CFF-4CB6-B3AB-1190E5E2AAA4}.Debug|Any CPU.Build.0 = Debug|Any CPU
		{7F0D09F8-0CFF-4CB6-B3AB-1190E5E2AAA4}.Release|Any CPU.ActiveCfg = Release|Any CPU
		{7F0D09F8-0CFF-4CB6-B3AB-1190E5E2AAA4}.Release|Any CPU.Build.0 = Release|Any CPU
	EndGlobalSection
	GlobalSection(SolutionProperties) = preSolution
		HideSolutionNode = FALSE
	EndGlobalSection
	GlobalSection(ExtensibilityGlobals) = postSolution
		SolutionGuid = {EA4DEEA3-F29E-4182-AEAD-B4459A443660}
	EndGlobalSection
EndGlobal
