
Microsoft Visual Studio Solution File, Format Version 12.00
# Visual Studio Version 17
VisualStudioVersion = 17.5.33530.505
MinimumVisualStudioVersion = 10.0.40219.1
Project("{FAE04EC0-301F-11D3-BF4B-00C04F79EFBC}") = "Insertion sort", "Insertion sort\Insertion sort.csproj", "{D26044EC-CB76-4413-AE6D-AF632B5D142A}"
EndProject
Global
	GlobalSection(SolutionConfigurationPlatforms) = preSolution
		Debug|Any CPU = Debug|Any CPU
		Release|Any CPU = Release|Any CPU
	EndGlobalSection
	GlobalSection(ProjectConfigurationPlatforms) = postSolution
		{D26044EC-CB76-4413-AE6D-AF632B5D142A}.Debug|Any CPU.ActiveCfg = Debug|Any CPU
		{D26044EC-CB76-4413-AE6D-AF632B5D142A}.Debug|Any CPU.Build.0 = Debug|Any CPU
		{D26044EC-CB76-4413-AE6D-AF632B5D142A}.Release|Any CPU.ActiveCfg = Release|Any CPU
		{D26044EC-CB76-4413-AE6D-AF632B5D142A}.Release|Any CPU.Build.0 = Release|Any CPU
	EndGlobalSection
	GlobalSection(SolutionProperties) = preSolution
		HideSolutionNode = FALSE
	EndGlobalSection
	GlobalSection(ExtensibilityGlobals) = postSolution
		SolutionGuid = {61D935A0-DBA4-40E0-9747-E43C4D0BCBFF}
	EndGlobalSection
EndGlobal
